{
  "nodes": {
    "neotest-playwright": {
      "flake": false,
      "locked": {
        "lastModified": 1720467239,
        "narHash": "sha256-k+YKXrSOWI8LZjSsLUmk3Z4uu/ZGXVFggRigl5TYcb4=",
        "owner": "thenbe",
        "repo": "neotest-playwright",
        "rev": "6266945039dac27a354de33d2f2a66e75485d5e9",
        "type": "github"
      },
      "original": {
        "owner": "thenbe",
        "repo": "neotest-playwright",
        "type": "github"
      }
    },
    "nvim-dap-vscode-js": {
      "flake": false,
      "locked": {
        "lastModified": 1678071992,
        "narHash": "sha256-8dlzaI94I8ppzLRNIfjVd92kYgqr07D1akDj4VdKQto=",
        "owner": "mxsdev",
        "repo": "nvim-dap-vscode-js",
        "rev": "03bd29672d7fab5e515fc8469b7d07cc5994bbf6",
        "type": "github"
      },
      "original": {
        "owner": "mxsdev",
        "repo": "nvim-dap-vscode-js",
        "type": "github"
      }
    },
    "nvim-lsp-file-operations": {
      "flake": false,
      "locked": {
        "lastModified": 1729769589,
        "narHash": "sha256-c56N0E6NA3g58IRgnTtvGmpJ+uZemdmoIsQmPcvbrHY=",
        "owner": "antosha417",
        "repo": "nvim-lsp-file-operations",
        "rev": "9744b738183a5adca0f916527922078a965515ed",
        "type": "github"
      },
      "original": {
        "owner": "antosha417",
        "repo": "nvim-lsp-file-operations",
        "type": "github"
      }
    },
    "one-small-step-for-vimkind": {
      "flake": false,
      "locked": {
        "lastModified": 1731770263,
        "narHash": "sha256-tM3ro2aZsVx3qY3AK+1fYIwBhCLsOQLbFyWhaaFUutA=",
        "owner": "jbyuki",
        "repo": "one-small-step-for-vimkind",
        "rev": "dae43850114f1cd1715297e28c630522d5346b31",
        "type": "github"
      },
      "original": {
        "owner": "jbyuki",
        "repo": "one-small-step-for-vimkind",
        "type": "github"
      }
    },
    "persistent-breakpoints": {
      "flake": false,
      "locked": {
        "lastModified": 1721611422,
        "narHash": "sha256-euwc9XD02g8W52Z8SzjSInLnatS3aGLY44Frvd+yDTc=",
        "owner": "Weissle",
        "repo": "persistent-breakpoints.nvim",
        "rev": "4b199b1dcfd136cac8b0fa9c8dbbdeb81463f7a9",
        "type": "github"
      },
      "original": {
        "owner": "Weissle",
        "repo": "persistent-breakpoints.nvim",
        "type": "github"
      }
    },
    "root": {
      "inputs": {
        "neotest-playwright": "neotest-playwright",
        "nvim-dap-vscode-js": "nvim-dap-vscode-js",
        "nvim-lsp-file-operations": "nvim-lsp-file-operations",
        "one-small-step-for-vimkind": "one-small-step-for-vimkind",
        "persistent-breakpoints": "persistent-breakpoints",
        "smart-semicolon": "smart-semicolon",
        "sxhkd-vim": "sxhkd-vim",
        "vim-interestingwords": "vim-interestingwords",
        "vim-log-highlighting": "vim-log-highlighting"
      }
    },
    "smart-semicolon": {
      "flake": false,
      "locked": {
        "lastModified": 1629673541,
        "narHash": "sha256-dq4UvETTuQYc0TrcKtBCDTPry7WHidGOvgW/CXgULMM=",
        "owner": "iagotito",
        "repo": "smart-semicolon.nvim",
        "rev": "833a7f0c5dca931087c6ec01336a28402d988879",
        "type": "github"
      },
      "original": {
        "owner": "iagotito",
        "repo": "smart-semicolon.nvim",
        "type": "github"
      }
    },
    "sxhkd-vim": {
      "flake": false,
      "locked": {
        "lastModified": 1682418053,
        "narHash": "sha256-QqlbM6OFsJkRT7C7A6vpq2NBJFyUKKm28QVvFLXWKQk=",
        "owner": "kovetskiy",
        "repo": "sxhkd-vim",
        "rev": "7b7937ff5c220fbef3bdd883d567513246516e06",
        "type": "github"
      },
      "original": {
        "owner": "kovetskiy",
        "repo": "sxhkd-vim",
        "type": "github"
      }
    },
    "vim-interestingwords": {
      "flake": false,
      "locked": {
        "lastModified": 1720055866,
        "narHash": "sha256-Cvw8BOtKGCx6L5JDz9Rg9ToBCcStweNujRKBKqnD1yw=",
        "owner": "lfv89",
        "repo": "vim-interestingwords",
        "rev": "1a67ea7bdf4f35c6533f9557051cac0720d3f32f",
        "type": "github"
      },
      "original": {
        "owner": "lfv89",
        "repo": "vim-interestingwords",
        "type": "github"
      }
    },
    "vim-log-highlighting": {
      "flake": false,
      "locked": {
        "lastModified": 1598771411,
        "narHash": "sha256-DqYSCtndUNIZsd9zpTFBhESXw3graNrjGC3WhcZ9uTA=",
        "owner": "MTDL9",
        "repo": "vim-log-highlighting",
        "rev": "1037e26f3120e6a6a2c0c33b14a84336dee2a78f",
        "type": "github"
      },
      "original": {
        "owner": "MTDL9",
        "repo": "vim-log-highlighting",
        "type": "github"
      }
    }
  },
  "root": "root",
  "version": 7
}
