{
  "nodes": {
    "LS_COLORS": {
      "flake": false,
      "locked": {
        "lastModified": 1722908712,
        "narHash": "sha256-WAjVMScM/R3ZvmseFsKpB219QRG0Tfpz/GGBt4V4Ix0=",
        "owner": "trapd00r",
        "repo": "LS_COLORS",
        "rev": "38d3abee37bc510c08a7f98b0f404aba0c7290d5",
        "type": "github"
      },
      "original": {
        "owner": "trapd00r",
        "repo": "LS_COLORS",
        "type": "github"
      }
    },
    "base16-schemes": {
      "flake": false,
      "locked": {
        "lastModified": 1696158499,
        "narHash": "sha256-5yIHgDTPjoX/3oDEfLSQ0eJZdFL1SaCfb9d6M0RmOTM=",
        "owner": "tinted-theming",
        "repo": "base16-schemes",
        "rev": "a9112eaae86d9dd8ee6bb9445b664fba2f94037a",
        "type": "github"
      },
      "original": {
        "owner": "tinted-theming",
        "repo": "base16-schemes",
        "type": "github"
      }
    },
    "dmenu-flexipatch": {
      "flake": false,
      "locked": {
        "lastModified": 1721289653,
        "narHash": "sha256-x8FwyOmbfHDnYG6bvMRxeCejKEQLKGs9IWhAHTP5xNc=",
        "owner": "bakkeby",
        "repo": "dmenu-flexipatch",
        "rev": "ea263d099983e96efba408af6827e0cde9b69225",
        "type": "github"
      },
      "original": {
        "owner": "bakkeby",
        "repo": "dmenu-flexipatch",
        "type": "github"
      }
    },
    "dwm-flexipatch": {
      "flake": false,
      "locked": {
        "lastModified": 1722517008,
        "narHash": "sha256-kOdOjQDjdndMvKR3J5RpWWUlsUt1sLis1bv6GCAdk8w=",
        "owner": "bakkeby",
        "repo": "dwm-flexipatch",
        "rev": "36cbcf53a232818e5d523dd0337bb635556e91ef",
        "type": "github"
      },
      "original": {
        "owner": "bakkeby",
        "repo": "dwm-flexipatch",
        "type": "github"
      }
    },
    "flake-compat": {
      "flake": false,
      "locked": {
        "lastModified": 1696426674,
        "narHash": "sha256-kvjfFW7WAETZlt09AgDn1MrtKzP7t90Vf7vypd3OL1U=",
        "owner": "edolstra",
        "repo": "flake-compat",
        "rev": "0f9255e01c2351cc7d116c072cb317785dd33b33",
        "type": "github"
      },
      "original": {
        "owner": "edolstra",
        "repo": "flake-compat",
        "type": "github"
      }
    },
    "flake-compat_2": {
      "flake": false,
      "locked": {
        "lastModified": 1696426674,
        "narHash": "sha256-kvjfFW7WAETZlt09AgDn1MrtKzP7t90Vf7vypd3OL1U=",
        "owner": "edolstra",
        "repo": "flake-compat",
        "rev": "0f9255e01c2351cc7d116c072cb317785dd33b33",
        "type": "github"
      },
      "original": {
        "owner": "edolstra",
        "repo": "flake-compat",
        "type": "github"
      }
    },
    "flake-parts": {
      "inputs": {
        "nixpkgs-lib": [
          "neovim-nightly-overlay",
          "nixpkgs"
        ]
      },
      "locked": {
        "lastModified": 1722555600,
        "narHash": "sha256-XOQkdLafnb/p9ij77byFQjDf5m5QYl9b2REiVClC+x4=",
        "owner": "hercules-ci",
        "repo": "flake-parts",
        "rev": "8471fe90ad337a8074e957b69ca4d0089218391d",
        "type": "github"
      },
      "original": {
        "owner": "hercules-ci",
        "repo": "flake-parts",
        "type": "github"
      }
    },
    "flake-parts_2": {
      "inputs": {
        "nixpkgs-lib": [
          "neovim-nightly-overlay",
          "hercules-ci-effects",
          "nixpkgs"
        ]
      },
      "locked": {
        "lastModified": 1712014858,
        "narHash": "sha256-sB4SWl2lX95bExY2gMFG5HIzvva5AVMJd4Igm+GpZNw=",
        "owner": "hercules-ci",
        "repo": "flake-parts",
        "rev": "9126214d0a59633752a136528f5f3b9aa8565b7d",
        "type": "github"
      },
      "original": {
        "id": "flake-parts",
        "type": "indirect"
      }
    },
    "git-hooks": {
      "inputs": {
        "flake-compat": "flake-compat_2",
        "gitignore": "gitignore",
        "nixpkgs": [
          "neovim-nightly-overlay",
          "nixpkgs"
        ],
        "nixpkgs-stable": [
          "neovim-nightly-overlay",
          "nixpkgs"
        ]
      },
      "locked": {
        "lastModified": 1721042469,
        "narHash": "sha256-6FPUl7HVtvRHCCBQne7Ylp4p+dpP3P/OYuzjztZ4s70=",
        "owner": "cachix",
        "repo": "git-hooks.nix",
        "rev": "f451c19376071a90d8c58ab1a953c6e9840527fd",
        "type": "github"
      },
      "original": {
        "owner": "cachix",
        "repo": "git-hooks.nix",
        "type": "github"
      }
    },
    "gitignore": {
      "inputs": {
        "nixpkgs": [
          "neovim-nightly-overlay",
          "git-hooks",
          "nixpkgs"
        ]
      },
      "locked": {
        "lastModified": 1709087332,
        "narHash": "sha256-HG2cCnktfHsKV0s4XW83gU3F57gaTljL9KNSuG6bnQs=",
        "owner": "hercules-ci",
        "repo": "gitignore.nix",
        "rev": "637db329424fd7e46cf4185293b9cc8c88c95394",
        "type": "github"
      },
      "original": {
        "owner": "hercules-ci",
        "repo": "gitignore.nix",
        "type": "github"
      }
    },
    "hercules-ci-effects": {
      "inputs": {
        "flake-parts": "flake-parts_2",
        "nixpkgs": [
          "neovim-nightly-overlay",
          "nixpkgs"
        ]
      },
      "locked": {
        "lastModified": 1719226092,
        "narHash": "sha256-YNkUMcCUCpnULp40g+svYsaH1RbSEj6s4WdZY/SHe38=",
        "owner": "hercules-ci",
        "repo": "hercules-ci-effects",
        "rev": "11e4b8dc112e2f485d7c97e1cee77f9958f498f5",
        "type": "github"
      },
      "original": {
        "owner": "hercules-ci",
        "repo": "hercules-ci-effects",
        "type": "github"
      }
    },
    "home-manager": {
      "inputs": {
        "nixpkgs": [
          "nixpkgs"
        ]
      },
      "locked": {
        "lastModified": 1722630065,
        "narHash": "sha256-QfM/9BMRkCmgWzrPDK+KbgJOUlSJnfX4OvsUupEUZvA=",
        "owner": "nix-community",
        "repo": "home-manager",
        "rev": "afc892db74d65042031a093adb6010c4c3378422",
        "type": "github"
      },
      "original": {
        "owner": "nix-community",
        "repo": "home-manager",
        "type": "github"
      }
    },
    "lobster": {
      "inputs": {
        "nixpkgs": "nixpkgs",
        "systems": "systems"
      },
      "locked": {
        "lastModified": 1722732728,
        "narHash": "sha256-ch91LYKs6MswTC08Xi8VcIxooWvDprGuIn0B2Yo3ufo=",
        "owner": "justchokingaround",
        "repo": "lobster",
        "rev": "942ad9f466a1056fe48961826c1ff34da4beb976",
        "type": "github"
      },
      "original": {
        "owner": "justchokingaround",
        "repo": "lobster",
        "type": "github"
      }
    },
    "musnix": {
      "inputs": {
        "nixpkgs": "nixpkgs_2"
      },
      "locked": {
        "lastModified": 1722809356,
        "narHash": "sha256-xyNFsF+5cDjMlfbm7NMG33K+oej0T/Iosm3Nukp3+RU=",
        "owner": "musnix",
        "repo": "musnix",
        "rev": "a2f2e86026043977fdce30ac098a022a71b39392",
        "type": "github"
      },
      "original": {
        "owner": "musnix",
        "repo": "musnix",
        "type": "github"
      }
    },
    "neotest-playwright": {
      "flake": false,
      "locked": {
        "lastModified": 1720467239,
        "narHash": "sha256-k+YKXrSOWI8LZjSsLUmk3Z4uu/ZGXVFggRigl5TYcb4=",
        "owner": "thenbe",
        "repo": "neotest-playwright",
        "rev": "6266945039dac27a354de33d2f2a66e75485d5e9",
        "type": "github"
      },
      "original": {
        "owner": "thenbe",
        "repo": "neotest-playwright",
        "type": "github"
      }
    },
    "neotest-zig": {
      "flake": false,
      "locked": {
        "lastModified": 1722170927,
        "narHash": "sha256-3yJ+nFSf2MmkWysWhoQ3yCu52536NT1Jta6MnMmV5Ww=",
        "owner": "lawrence-laz",
        "repo": "neotest-zig",
        "rev": "b3e6246c07d3d4f06075f33aea896affd25f0de9",
        "type": "github"
      },
      "original": {
        "owner": "lawrence-laz",
        "repo": "neotest-zig",
        "type": "github"
      }
    },
    "neovim-nightly-overlay": {
      "inputs": {
        "flake-compat": "flake-compat",
        "flake-parts": "flake-parts",
        "git-hooks": "git-hooks",
        "hercules-ci-effects": "hercules-ci-effects",
        "neovim-src": "neovim-src",
        "nixpkgs": "nixpkgs_3"
      },
      "locked": {
        "lastModified": 1722865783,
        "narHash": "sha256-a23BT63Ayt0JedCRab2vnRt0kOr7Uujh/ZGKrRWq5yA=",
        "owner": "nix-community",
        "repo": "neovim-nightly-overlay",
        "rev": "9cbacea6291a0abe1c3c294a49982fcd223aca57",
        "type": "github"
      },
      "original": {
        "owner": "nix-community",
        "repo": "neovim-nightly-overlay",
        "type": "github"
      }
    },
    "neovim-src": {
      "flake": false,
      "locked": {
        "lastModified": 1722810680,
        "narHash": "sha256-/83aiz7PIQny+agTySIKIrexYPV2MFHjKNLggcSZDs8=",
        "owner": "neovim",
        "repo": "neovim",
        "rev": "0c2860d9e5ec5417a94db6e3edd237578b76d418",
        "type": "github"
      },
      "original": {
        "owner": "neovim",
        "repo": "neovim",
        "type": "github"
      }
    },
    "nix-colors": {
      "inputs": {
        "base16-schemes": "base16-schemes",
        "nixpkgs-lib": "nixpkgs-lib"
      },
      "locked": {
        "lastModified": 1707825078,
        "narHash": "sha256-hTfge2J2W+42SZ7VHXkf4kjU+qzFqPeC9k66jAUBMHk=",
        "owner": "misterio77",
        "repo": "nix-colors",
        "rev": "b01f024090d2c4fc3152cd0cf12027a7b8453ba1",
        "type": "github"
      },
      "original": {
        "owner": "misterio77",
        "repo": "nix-colors",
        "type": "github"
      }
    },
    "nixos-hardware": {
      "locked": {
        "lastModified": 1722332872,
        "narHash": "sha256-2xLM4sc5QBfi0U/AANJAW21Bj4ZX479MHPMPkB+eKBU=",
        "owner": "NixOS",
        "repo": "nixos-hardware",
        "rev": "14c333162ba53c02853add87a0000cbd7aa230c2",
        "type": "github"
      },
      "original": {
        "owner": "NixOS",
        "ref": "master",
        "repo": "nixos-hardware",
        "type": "github"
      }
    },
    "nixpkgs": {
      "locked": {
        "lastModified": 1703961334,
        "narHash": "sha256-M1mV/Cq+pgjk0rt6VxoyyD+O8cOUiai8t9Q6Yyq4noY=",
        "owner": "nixos",
        "repo": "nixpkgs",
        "rev": "b0d36bd0a420ecee3bc916c91886caca87c894e9",
        "type": "github"
      },
      "original": {
        "owner": "nixos",
        "ref": "nixos-unstable",
        "repo": "nixpkgs",
        "type": "github"
      }
    },
    "nixpkgs-lib": {
      "locked": {
        "lastModified": 1697935651,
        "narHash": "sha256-qOfWjQ2JQSQL15KLh6D7xQhx0qgZlYZTYlcEiRuAMMw=",
        "owner": "nix-community",
        "repo": "nixpkgs.lib",
        "rev": "e1e11fdbb01113d85c7f41cada9d2847660e3902",
        "type": "github"
      },
      "original": {
        "owner": "nix-community",
        "repo": "nixpkgs.lib",
        "type": "github"
      }
    },
    "nixpkgs_2": {
      "locked": {
        "lastModified": 1722421184,
        "narHash": "sha256-/DJBI6trCeVnasdjUo9pbnodCLZcFqnVZiLUfqLH4jA=",
        "owner": "NixOS",
        "repo": "nixpkgs",
        "rev": "9f918d616c5321ad374ae6cb5ea89c9e04bf3e58",
        "type": "github"
      },
      "original": {
        "owner": "NixOS",
        "ref": "nixos-unstable",
        "repo": "nixpkgs",
        "type": "github"
      }
    },
    "nixpkgs_3": {
      "locked": {
        "lastModified": 1722640603,
        "narHash": "sha256-TcXjLVNd3VeH1qKPH335Tc4RbFDbZQX+d7rqnDUoRaY=",
        "owner": "NixOS",
        "repo": "nixpkgs",
        "rev": "81610abc161d4021b29199aa464d6a1a521e0cc9",
        "type": "github"
      },
      "original": {
        "owner": "NixOS",
        "ref": "nixpkgs-unstable",
        "repo": "nixpkgs",
        "type": "github"
      }
    },
    "nixpkgs_4": {
      "locked": {
        "lastModified": 1722630782,
        "narHash": "sha256-hMyG9/WlUi0Ho9VkRrrez7SeNlDzLxalm9FwY7n/Noo=",
        "owner": "NixOS",
        "repo": "nixpkgs",
        "rev": "d04953086551086b44b6f3c6b7eeb26294f207da",
        "type": "github"
      },
      "original": {
        "id": "nixpkgs",
        "ref": "nixos-unstable",
        "type": "indirect"
      }
    },
    "nur": {
      "locked": {
        "lastModified": 1722910554,
        "narHash": "sha256-rZryzCukQ55nys8Y7ZgRRDGLAcsiV13S442Jyn6XEEU=",
        "owner": "nix-community",
        "repo": "NUR",
        "rev": "da675171e9cb7852d2e775afdec892ac25539fc9",
        "type": "github"
      },
      "original": {
        "owner": "nix-community",
        "repo": "NUR",
        "type": "github"
      }
    },
    "nvim-dap-vscode-js": {
      "flake": false,
      "locked": {
        "lastModified": 1678071992,
        "narHash": "sha256-8dlzaI94I8ppzLRNIfjVd92kYgqr07D1akDj4VdKQto=",
        "owner": "mxsdev",
        "repo": "nvim-dap-vscode-js",
        "rev": "03bd29672d7fab5e515fc8469b7d07cc5994bbf6",
        "type": "github"
      },
      "original": {
        "owner": "mxsdev",
        "repo": "nvim-dap-vscode-js",
        "type": "github"
      }
    },
    "nvim-lsp-file-operations": {
      "flake": false,
      "locked": {
        "lastModified": 1718462620,
        "narHash": "sha256-FeqmybXQeZUHv/td2QTLxUZeWSblRhDqwDx9ih0A5DM=",
        "owner": "antosha417",
        "repo": "nvim-lsp-file-operations",
        "rev": "92a673de7ecaa157dd230d0128def10beb56d103",
        "type": "github"
      },
      "original": {
        "owner": "antosha417",
        "repo": "nvim-lsp-file-operations",
        "type": "github"
      }
    },
    "persistent-breakpoints": {
      "flake": false,
      "locked": {
        "lastModified": 1721611422,
        "narHash": "sha256-euwc9XD02g8W52Z8SzjSInLnatS3aGLY44Frvd+yDTc=",
        "owner": "Weissle",
        "repo": "persistent-breakpoints.nvim",
        "rev": "4b199b1dcfd136cac8b0fa9c8dbbdeb81463f7a9",
        "type": "github"
      },
      "original": {
        "owner": "Weissle",
        "repo": "persistent-breakpoints.nvim",
        "type": "github"
      }
    },
    "root": {
      "inputs": {
        "LS_COLORS": "LS_COLORS",
        "dmenu-flexipatch": "dmenu-flexipatch",
        "dwm-flexipatch": "dwm-flexipatch",
        "home-manager": "home-manager",
        "lobster": "lobster",
        "musnix": "musnix",
        "neotest-playwright": "neotest-playwright",
        "neotest-zig": "neotest-zig",
        "neovim-nightly-overlay": "neovim-nightly-overlay",
        "nix-colors": "nix-colors",
        "nixos-hardware": "nixos-hardware",
        "nixpkgs": "nixpkgs_4",
        "nur": "nur",
        "nvim-dap-vscode-js": "nvim-dap-vscode-js",
        "nvim-lsp-file-operations": "nvim-lsp-file-operations",
        "persistent-breakpoints": "persistent-breakpoints",
        "st-flexipatch": "st-flexipatch",
        "sxhkd-vim": "sxhkd-vim",
        "systems": "systems_2",
        "tabbed-flexipatch": "tabbed-flexipatch",
        "vim-interestingwords": "vim-interestingwords",
        "vim-log-highlighting": "vim-log-highlighting"
      }
    },
    "st-flexipatch": {
      "flake": false,
      "locked": {
        "lastModified": 1720379889,
        "narHash": "sha256-sokLrJUBWYDg+Wc1+b5pugT4nyrTLDAqNUY4gbSe9Uk=",
        "owner": "bakkeby",
        "repo": "st-flexipatch",
        "rev": "7a581fe4e15b538d3440562aa7f89d775187f250",
        "type": "github"
      },
      "original": {
        "owner": "bakkeby",
        "repo": "st-flexipatch",
        "type": "github"
      }
    },
    "sxhkd-vim": {
      "flake": false,
      "locked": {
        "lastModified": 1682418053,
        "narHash": "sha256-QqlbM6OFsJkRT7C7A6vpq2NBJFyUKKm28QVvFLXWKQk=",
        "owner": "kovetskiy",
        "repo": "sxhkd-vim",
        "rev": "7b7937ff5c220fbef3bdd883d567513246516e06",
        "type": "github"
      },
      "original": {
        "owner": "kovetskiy",
        "repo": "sxhkd-vim",
        "type": "github"
      }
    },
    "systems": {
      "locked": {
        "lastModified": 1689347949,
        "narHash": "sha256-12tWmuL2zgBgZkdoB6qXZsgJEH9LR3oUgpaQq2RbI80=",
        "owner": "nix-systems",
        "repo": "default-linux",
        "rev": "31732fcf5e8fea42e59c2488ad31a0e651500f68",
        "type": "github"
      },
      "original": {
        "owner": "nix-systems",
        "repo": "default-linux",
        "type": "github"
      }
    },
    "systems_2": {
      "locked": {
        "lastModified": 1680978846,
        "narHash": "sha256-Gtqg8b/v49BFDpDetjclCYXm8mAnTrUzR0JnE2nv5aw=",
        "owner": "nix-systems",
        "repo": "x86_64-linux",
        "rev": "2ecfcac5e15790ba6ce360ceccddb15ad16d08a8",
        "type": "github"
      },
      "original": {
        "owner": "nix-systems",
        "repo": "x86_64-linux",
        "type": "github"
      }
    },
    "tabbed-flexipatch": {
      "flake": false,
      "locked": {
        "lastModified": 1710920078,
        "narHash": "sha256-huQkID0Aiyuf2onQ6mFYWzw1j9Q/4PkCbk78tbAiOeo=",
        "owner": "bakkeby",
        "repo": "tabbed-flexipatch",
        "rev": "f9b93088813e917b0d406bdbf3744be7ebdcb3d9",
        "type": "github"
      },
      "original": {
        "owner": "bakkeby",
        "repo": "tabbed-flexipatch",
        "type": "github"
      }
    },
    "vim-interestingwords": {
      "flake": false,
      "locked": {
        "lastModified": 1720055866,
        "narHash": "sha256-Cvw8BOtKGCx6L5JDz9Rg9ToBCcStweNujRKBKqnD1yw=",
        "owner": "lfv89",
        "repo": "vim-interestingwords",
        "rev": "1a67ea7bdf4f35c6533f9557051cac0720d3f32f",
        "type": "github"
      },
      "original": {
        "owner": "lfv89",
        "repo": "vim-interestingwords",
        "type": "github"
      }
    },
    "vim-log-highlighting": {
      "flake": false,
      "locked": {
        "lastModified": 1598771411,
        "narHash": "sha256-DqYSCtndUNIZsd9zpTFBhESXw3graNrjGC3WhcZ9uTA=",
        "owner": "MTDL9",
        "repo": "vim-log-highlighting",
        "rev": "1037e26f3120e6a6a2c0c33b14a84336dee2a78f",
        "type": "github"
      },
      "original": {
        "owner": "MTDL9",
        "repo": "vim-log-highlighting",
        "type": "github"
      }
    }
  },
  "root": "root",
  "version": 7
}
