{
  "nodes": {
    "LS_COLORS": {
      "flake": false,
      "locked": {
        "lastModified": 1702499750,
        "narHash": "sha256-DT9WmtyJ/wngoiOTXMcnstVbGh3BaFWrr8Zxm4g4b6U=",
        "owner": "trapd00r",
        "repo": "LS_COLORS",
        "rev": "a283d79dcbb23a8679f4b1a07d04a80cab01c0ba",
        "type": "github"
      },
      "original": {
        "owner": "trapd00r",
        "repo": "LS_COLORS",
        "type": "github"
      }
    },
    "base16-schemes": {
      "flake": false,
      "locked": {
        "lastModified": 1696158499,
        "narHash": "sha256-5yIHgDTPjoX/3oDEfLSQ0eJZdFL1SaCfb9d6M0RmOTM=",
        "owner": "tinted-theming",
        "repo": "base16-schemes",
        "rev": "a9112eaae86d9dd8ee6bb9445b664fba2f94037a",
        "type": "github"
      },
      "original": {
        "owner": "tinted-theming",
        "repo": "base16-schemes",
        "type": "github"
      }
    },
    "dmenu-flexipatch": {
      "flake": false,
      "locked": {
        "lastModified": 1702456350,
        "narHash": "sha256-RvP4vm+7ALYJsz95iuR5sLbxYwqO2Lq+YsmVh8w9R2s=",
        "owner": "bakkeby",
        "repo": "dmenu-flexipatch",
        "rev": "0d6d5ac5cc81016b0cd3588b94aa76623dec84de",
        "type": "github"
      },
      "original": {
        "owner": "bakkeby",
        "repo": "dmenu-flexipatch",
        "type": "github"
      }
    },
    "dwm-flexipatch": {
      "flake": false,
      "locked": {
        "lastModified": 1706819365,
        "narHash": "sha256-feWn0HbBY5XvpqjdsVNoYyaUKjeqgFSwUkIOCkMNr/E=",
        "owner": "bakkeby",
        "repo": "dwm-flexipatch",
        "rev": "5e85bc8b5c784b47cdd3015b53c5bb517500ba9c",
        "type": "github"
      },
      "original": {
        "owner": "bakkeby",
        "repo": "dwm-flexipatch",
        "type": "github"
      }
    },
    "flake-compat": {
      "flake": false,
      "locked": {
        "lastModified": 1696426674,
        "narHash": "sha256-kvjfFW7WAETZlt09AgDn1MrtKzP7t90Vf7vypd3OL1U=",
        "owner": "edolstra",
        "repo": "flake-compat",
        "rev": "0f9255e01c2351cc7d116c072cb317785dd33b33",
        "type": "github"
      },
      "original": {
        "owner": "edolstra",
        "repo": "flake-compat",
        "type": "github"
      }
    },
    "flake-parts": {
      "inputs": {
        "nixpkgs-lib": [
          "neovim-nightly-overlay",
          "nixpkgs"
        ]
      },
      "locked": {
        "lastModified": 1706830856,
        "narHash": "sha256-a0NYyp+h9hlb7ddVz4LUn1vT/PLwqfrWYcHMvFB1xYg=",
        "owner": "hercules-ci",
        "repo": "flake-parts",
        "rev": "b253292d9c0a5ead9bc98c4e9a26c6312e27d69f",
        "type": "github"
      },
      "original": {
        "owner": "hercules-ci",
        "repo": "flake-parts",
        "type": "github"
      }
    },
    "flake-parts_2": {
      "inputs": {
        "nixpkgs-lib": [
          "neovim-nightly-overlay",
          "hercules-ci-effects",
          "nixpkgs"
        ]
      },
      "locked": {
        "lastModified": 1701473968,
        "narHash": "sha256-YcVE5emp1qQ8ieHUnxt1wCZCC3ZfAS+SRRWZ2TMda7E=",
        "owner": "hercules-ci",
        "repo": "flake-parts",
        "rev": "34fed993f1674c8d06d58b37ce1e0fe5eebcb9f5",
        "type": "github"
      },
      "original": {
        "id": "flake-parts",
        "type": "indirect"
      }
    },
    "flake-utils": {
      "inputs": {
        "systems": "systems"
      },
      "locked": {
        "lastModified": 1701680307,
        "narHash": "sha256-kAuep2h5ajznlPMD9rnQyffWG8EM/C73lejGofXvdM8=",
        "owner": "numtide",
        "repo": "flake-utils",
        "rev": "4022d587cbbfd70fe950c1e2083a02621806a725",
        "type": "github"
      },
      "original": {
        "owner": "numtide",
        "repo": "flake-utils",
        "type": "github"
      }
    },
    "flake-utils_2": {
      "inputs": {
        "systems": "systems_2"
      },
      "locked": {
        "lastModified": 1701680307,
        "narHash": "sha256-kAuep2h5ajznlPMD9rnQyffWG8EM/C73lejGofXvdM8=",
        "owner": "numtide",
        "repo": "flake-utils",
        "rev": "4022d587cbbfd70fe950c1e2083a02621806a725",
        "type": "github"
      },
      "original": {
        "owner": "numtide",
        "repo": "flake-utils",
        "type": "github"
      }
    },
    "hercules-ci-effects": {
      "inputs": {
        "flake-parts": "flake-parts_2",
        "nixpkgs": [
          "neovim-nightly-overlay",
          "nixpkgs"
        ]
      },
      "locked": {
        "lastModified": 1704029560,
        "narHash": "sha256-a4Iu7x1OP+uSYpqadOu8VCPY+MPF3+f6KIi+MAxlgyw=",
        "owner": "hercules-ci",
        "repo": "hercules-ci-effects",
        "rev": "d5cbf433a6ae9cae05400189a8dbc6412a03ba16",
        "type": "github"
      },
      "original": {
        "owner": "hercules-ci",
        "repo": "hercules-ci-effects",
        "type": "github"
      }
    },
    "home-manager": {
      "inputs": {
        "nixpkgs": [
          "nixpkgs"
        ]
      },
      "locked": {
        "lastModified": 1707919853,
        "narHash": "sha256-qxmBGDzutuJ/tsX4gp+Mr7fjxOZBbeT9ixhS5o4iFOw=",
        "owner": "nix-community",
        "repo": "home-manager",
        "rev": "043ba285c6dc20f36441d48525402bcb9743c498",
        "type": "github"
      },
      "original": {
        "owner": "nix-community",
        "repo": "home-manager",
        "type": "github"
      }
    },
    "lobster": {
      "inputs": {
        "flake-utils": "flake-utils",
        "nixpkgs": "nixpkgs"
      },
      "locked": {
        "lastModified": 1707946118,
        "narHash": "sha256-691e6SXje765qflTpf2SBEUF3Bl4o1pSnaB/UJl4Y8k=",
        "owner": "justchokingaround",
        "repo": "lobster",
        "rev": "ca57a3ab85100c626ca9ddfbb816d5b89dc12782",
        "type": "github"
      },
      "original": {
        "owner": "justchokingaround",
        "repo": "lobster",
        "type": "github"
      }
    },
    "musnix": {
      "inputs": {
        "nixpkgs": "nixpkgs_2"
      },
      "locked": {
        "lastModified": 1702456985,
        "narHash": "sha256-mnjCk8mINY4t5uIwP2eR19FOQXHTCO68+KsgKFTv1NI=",
        "owner": "musnix",
        "repo": "musnix",
        "rev": "cf93a72da8ad677864045e9a5dd32170378d9a62",
        "type": "github"
      },
      "original": {
        "owner": "musnix",
        "repo": "musnix",
        "type": "github"
      }
    },
    "neovim-flake": {
      "inputs": {
        "flake-utils": "flake-utils_2",
        "nixpkgs": [
          "neovim-nightly-overlay",
          "nixpkgs"
        ]
      },
      "locked": {
        "dir": "contrib",
        "lastModified": 1707941489,
        "narHash": "sha256-S5KG+iYMFVHIEfeXSWYei2jcHs6kOfhM1pUoVQ9G/Lw=",
        "owner": "neovim",
        "repo": "neovim",
        "rev": "d09957e0a06f350443c750d9838b5f1016c0cccc",
        "type": "github"
      },
      "original": {
        "dir": "contrib",
        "owner": "neovim",
        "repo": "neovim",
        "type": "github"
      }
    },
    "neovim-nightly-overlay": {
      "inputs": {
        "flake-compat": "flake-compat",
        "flake-parts": "flake-parts",
        "hercules-ci-effects": "hercules-ci-effects",
        "neovim-flake": "neovim-flake",
        "nixpkgs": "nixpkgs_3"
      },
      "locked": {
        "lastModified": 1707955468,
        "narHash": "sha256-ZVka2bcB1AQTiVWqp2yH9Rnsd4Tvpcf5NXXzJIp7QNE=",
        "owner": "nix-community",
        "repo": "neovim-nightly-overlay",
        "rev": "0b6b4afc71e14d7f17f4e4a367ce271b9d398432",
        "type": "github"
      },
      "original": {
        "owner": "nix-community",
        "repo": "neovim-nightly-overlay",
        "type": "github"
      }
    },
    "neovim-session-manager": {
      "flake": false,
      "locked": {
        "lastModified": 1706379108,
        "narHash": "sha256-HB6Vdkg+gKTcg2s/Wfn4xceMazcZw50Bdr5++vAgvSc=",
        "owner": "Shatur",
        "repo": "neovim-session-manager",
        "rev": "07bb62583769abd9d32f88f428ea58248730ac7a",
        "type": "github"
      },
      "original": {
        "owner": "Shatur",
        "repo": "neovim-session-manager",
        "type": "github"
      }
    },
    "nix-colors": {
      "inputs": {
        "base16-schemes": "base16-schemes",
        "nixpkgs-lib": "nixpkgs-lib"
      },
      "locked": {
        "lastModified": 1707825078,
        "narHash": "sha256-hTfge2J2W+42SZ7VHXkf4kjU+qzFqPeC9k66jAUBMHk=",
        "owner": "misterio77",
        "repo": "nix-colors",
        "rev": "b01f024090d2c4fc3152cd0cf12027a7b8453ba1",
        "type": "github"
      },
      "original": {
        "owner": "misterio77",
        "repo": "nix-colors",
        "type": "github"
      }
    },
    "nixos-hardware": {
      "locked": {
        "lastModified": 1707842204,
        "narHash": "sha256-M+HAq1qWQBi/gywaMZwX0odU+Qb/XeqVeANGKRBDOwU=",
        "owner": "NixOS",
        "repo": "nixos-hardware",
        "rev": "f1b2f71c86a5b1941d20608db0b1e88a07d31303",
        "type": "github"
      },
      "original": {
        "owner": "NixOS",
        "ref": "master",
        "repo": "nixos-hardware",
        "type": "github"
      }
    },
    "nixpkgs": {
      "locked": {
        "lastModified": 1703961334,
        "narHash": "sha256-M1mV/Cq+pgjk0rt6VxoyyD+O8cOUiai8t9Q6Yyq4noY=",
        "owner": "nixos",
        "repo": "nixpkgs",
        "rev": "b0d36bd0a420ecee3bc916c91886caca87c894e9",
        "type": "github"
      },
      "original": {
        "owner": "nixos",
        "ref": "nixos-unstable",
        "repo": "nixpkgs",
        "type": "github"
      }
    },
    "nixpkgs-lib": {
      "locked": {
        "lastModified": 1697935651,
        "narHash": "sha256-qOfWjQ2JQSQL15KLh6D7xQhx0qgZlYZTYlcEiRuAMMw=",
        "owner": "nix-community",
        "repo": "nixpkgs.lib",
        "rev": "e1e11fdbb01113d85c7f41cada9d2847660e3902",
        "type": "github"
      },
      "original": {
        "owner": "nix-community",
        "repo": "nixpkgs.lib",
        "type": "github"
      }
    },
    "nixpkgs_2": {
      "locked": {
        "lastModified": 1690272529,
        "narHash": "sha256-MakzcKXEdv/I4qJUtq/k/eG+rVmyOZLnYNC2w1mB59Y=",
        "owner": "NixOS",
        "repo": "nixpkgs",
        "rev": "ef99fa5c5ed624460217c31ac4271cfb5cb2502c",
        "type": "github"
      },
      "original": {
        "owner": "NixOS",
        "ref": "nixos-unstable",
        "repo": "nixpkgs",
        "type": "github"
      }
    },
    "nixpkgs_3": {
      "locked": {
        "lastModified": 1707877513,
        "narHash": "sha256-sp0w2apswd3wv0sAEF7StOGHkns3XUQaO5erhWFZWXk=",
        "owner": "NixOS",
        "repo": "nixpkgs",
        "rev": "89653a03e0915e4a872788d10680e7eec92f8600",
        "type": "github"
      },
      "original": {
        "owner": "NixOS",
        "ref": "nixpkgs-unstable",
        "repo": "nixpkgs",
        "type": "github"
      }
    },
    "nixpkgs_4": {
      "locked": {
        "lastModified": 1707863367,
        "narHash": "sha256-LdBbCSSP7VHaHA4KXcPGKqkvsowT2+7W4jlEHJj6rPg=",
        "owner": "NixOS",
        "repo": "nixpkgs",
        "rev": "35ff7e87ee05199a8003f438ec11a174bcbd98ea",
        "type": "github"
      },
      "original": {
        "id": "nixpkgs",
        "ref": "nixos-unstable",
        "type": "indirect"
      }
    },
    "nur": {
      "locked": {
        "lastModified": 1707969968,
        "narHash": "sha256-z5fFoJCGRJAgXSnp5SXPC72FQbGObDBwh6LgUpeqeXE=",
        "owner": "nix-community",
        "repo": "NUR",
        "rev": "56e8d835ee623651ba211d0486b34f0db10a4d47",
        "type": "github"
      },
      "original": {
        "owner": "nix-community",
        "repo": "NUR",
        "type": "github"
      }
    },
    "nvim-dap-vscode-js": {
      "flake": false,
      "locked": {
        "lastModified": 1678071992,
        "narHash": "sha256-8dlzaI94I8ppzLRNIfjVd92kYgqr07D1akDj4VdKQto=",
        "owner": "mxsdev",
        "repo": "nvim-dap-vscode-js",
        "rev": "03bd29672d7fab5e515fc8469b7d07cc5994bbf6",
        "type": "github"
      },
      "original": {
        "owner": "mxsdev",
        "repo": "nvim-dap-vscode-js",
        "type": "github"
      }
    },
    "nvim-lsp-file-operations": {
      "flake": false,
      "locked": {
        "lastModified": 1706139094,
        "narHash": "sha256-eXOqhfzDK+Jv5bV1wdWT4IA/wBAdkhWV+75HoNcYaR8=",
        "owner": "antosha417",
        "repo": "nvim-lsp-file-operations",
        "rev": "223aca86b737dc66e9c51ebcda8788a8d9cc6cf2",
        "type": "github"
      },
      "original": {
        "owner": "antosha417",
        "repo": "nvim-lsp-file-operations",
        "type": "github"
      }
    },
    "osv": {
      "flake": false,
      "locked": {
        "lastModified": 1703330350,
        "narHash": "sha256-VACSEN50FSzQmAjpFW45yXvc68wnRhzfboYvps3sOBE=",
        "owner": "jbyuki",
        "repo": "one-small-step-for-vimkind",
        "rev": "aaee281bdaa3141d9d0cdb3dec468532da61124f",
        "type": "github"
      },
      "original": {
        "owner": "jbyuki",
        "repo": "one-small-step-for-vimkind",
        "type": "github"
      }
    },
    "root": {
      "inputs": {
        "LS_COLORS": "LS_COLORS",
        "dmenu-flexipatch": "dmenu-flexipatch",
        "dwm-flexipatch": "dwm-flexipatch",
        "home-manager": "home-manager",
        "lobster": "lobster",
        "musnix": "musnix",
        "neovim-nightly-overlay": "neovim-nightly-overlay",
        "neovim-session-manager": "neovim-session-manager",
        "nix-colors": "nix-colors",
        "nixos-hardware": "nixos-hardware",
        "nixpkgs": "nixpkgs_4",
        "nur": "nur",
        "nvim-dap-vscode-js": "nvim-dap-vscode-js",
        "nvim-lsp-file-operations": "nvim-lsp-file-operations",
        "osv": "osv",
        "systems": "systems_3",
        "tabbed-flexipatch": "tabbed-flexipatch",
        "vim-interestingwords": "vim-interestingwords",
        "vim-log-highlighting": "vim-log-highlighting"
      }
    },
    "systems": {
      "locked": {
        "lastModified": 1681028828,
        "narHash": "sha256-Vy1rq5AaRuLzOxct8nz4T6wlgyUR7zLU309k9mBC768=",
        "owner": "nix-systems",
        "repo": "default",
        "rev": "da67096a3b9bf56a91d16901293e51ba5b49a27e",
        "type": "github"
      },
      "original": {
        "owner": "nix-systems",
        "repo": "default",
        "type": "github"
      }
    },
    "systems_2": {
      "locked": {
        "lastModified": 1681028828,
        "narHash": "sha256-Vy1rq5AaRuLzOxct8nz4T6wlgyUR7zLU309k9mBC768=",
        "owner": "nix-systems",
        "repo": "default",
        "rev": "da67096a3b9bf56a91d16901293e51ba5b49a27e",
        "type": "github"
      },
      "original": {
        "owner": "nix-systems",
        "repo": "default",
        "type": "github"
      }
    },
    "systems_3": {
      "locked": {
        "lastModified": 1680978846,
        "narHash": "sha256-Gtqg8b/v49BFDpDetjclCYXm8mAnTrUzR0JnE2nv5aw=",
        "owner": "nix-systems",
        "repo": "x86_64-linux",
        "rev": "2ecfcac5e15790ba6ce360ceccddb15ad16d08a8",
        "type": "github"
      },
      "original": {
        "owner": "nix-systems",
        "repo": "x86_64-linux",
        "type": "github"
      }
    },
    "tabbed-flexipatch": {
      "flake": false,
      "locked": {
        "lastModified": 1698357405,
        "narHash": "sha256-tKh022ZzaEsNfEJVYVFNZgwD+/XfQxfwXQI99VLMfB0=",
        "owner": "bakkeby",
        "repo": "tabbed-flexipatch",
        "rev": "e0ada5c683c657ef1cd340a1d3be56f8896d5913",
        "type": "github"
      },
      "original": {
        "owner": "bakkeby",
        "repo": "tabbed-flexipatch",
        "type": "github"
      }
    },
    "vim-interestingwords": {
      "flake": false,
      "locked": {
        "lastModified": 1603932933,
        "narHash": "sha256-jPuXMPHrTfD9k1CCYVkbVF7anQKdJPPnpACIuBvcx90=",
        "owner": "lfv89",
        "repo": "vim-interestingwords",
        "rev": "e59f97aca15c6180e6f3aceaf4f7b50ca04326ed",
        "type": "github"
      },
      "original": {
        "owner": "lfv89",
        "repo": "vim-interestingwords",
        "type": "github"
      }
    },
    "vim-log-highlighting": {
      "flake": false,
      "locked": {
        "lastModified": 1598771411,
        "narHash": "sha256-DqYSCtndUNIZsd9zpTFBhESXw3graNrjGC3WhcZ9uTA=",
        "owner": "MTDL9",
        "repo": "vim-log-highlighting",
        "rev": "1037e26f3120e6a6a2c0c33b14a84336dee2a78f",
        "type": "github"
      },
      "original": {
        "owner": "MTDL9",
        "repo": "vim-log-highlighting",
        "type": "github"
      }
    }
  },
  "root": "root",
  "version": 7
}
