{
  "nodes": {
    "fold-preview": {
      "flake": false,
      "locked": {
        "lastModified": 1674838720,
        "narHash": "sha256-FLzZGbbeUk3354Q8vbFonw57f6GbSDisRs43djTjX8I=",
        "owner": "anuvyklack",
        "repo": "fold-preview.nvim",
        "rev": "b7920cb0aba2b48a6b679bff45f98c3ebc0f0b89",
        "type": "github"
      },
      "original": {
        "owner": "anuvyklack",
        "repo": "fold-preview.nvim",
        "type": "github"
      }
    },
    "neotest-playwright": {
      "flake": false,
      "locked": {
        "lastModified": 1701472064,
        "narHash": "sha256-qa1hRIyohCsQT6/6JZVEgeLC+YU3Ywb0Ar7kuqffSXA=",
        "owner": "thenbe",
        "repo": "neotest-playwright",
        "rev": "ea972015695704846ffaeffb364a898c6f2be847",
        "type": "github"
      },
      "original": {
        "owner": "thenbe",
        "repo": "neotest-playwright",
        "type": "github"
      }
    },
    "neotest-vim-test": {
      "flake": false,
      "locked": {
        "lastModified": 1681720687,
        "narHash": "sha256-fFm5Yt2Sus5jLSapHUtLlDkBWPLLKfWsj2NSXD8NPYo=",
        "owner": "nvim-neotest",
        "repo": "neotest-vim-test",
        "rev": "75c4228882ae4883b11bfce9b8383e637eb44192",
        "type": "github"
      },
      "original": {
        "owner": "nvim-neotest",
        "repo": "neotest-vim-test",
        "type": "github"
      }
    },
    "neovim-session-manager": {
      "flake": false,
      "locked": {
        "lastModified": 1706379108,
        "narHash": "sha256-HB6Vdkg+gKTcg2s/Wfn4xceMazcZw50Bdr5++vAgvSc=",
        "owner": "Shatur",
        "repo": "neovim-session-manager",
        "rev": "07bb62583769abd9d32f88f428ea58248730ac7a",
        "type": "github"
      },
      "original": {
        "owner": "Shatur",
        "repo": "neovim-session-manager",
        "type": "github"
      }
    },
    "nixpkgs": {
      "locked": {
        "lastModified": 1706173671,
        "narHash": "sha256-lciR7kQUK2FCAYuszyd7zyRRmTaXVeoZsCyK6QFpGdk=",
        "owner": "NixOS",
        "repo": "nixpkgs",
        "rev": "4fddc9be4eaf195d631333908f2a454b03628ee5",
        "type": "github"
      },
      "original": {
        "id": "nixpkgs",
        "type": "indirect"
      }
    },
    "nvim-dap-vscode-js": {
      "flake": false,
      "locked": {
        "lastModified": 1678071992,
        "narHash": "sha256-8dlzaI94I8ppzLRNIfjVd92kYgqr07D1akDj4VdKQto=",
        "owner": "mxsdev",
        "repo": "nvim-dap-vscode-js",
        "rev": "03bd29672d7fab5e515fc8469b7d07cc5994bbf6",
        "type": "github"
      },
      "original": {
        "owner": "mxsdev",
        "repo": "nvim-dap-vscode-js",
        "type": "github"
      }
    },
    "nvim-lsp-file-operations": {
      "flake": false,
      "locked": {
        "lastModified": 1706139094,
        "narHash": "sha256-eXOqhfzDK+Jv5bV1wdWT4IA/wBAdkhWV+75HoNcYaR8=",
        "owner": "antosha417",
        "repo": "nvim-lsp-file-operations",
        "rev": "223aca86b737dc66e9c51ebcda8788a8d9cc6cf2",
        "type": "github"
      },
      "original": {
        "owner": "antosha417",
        "repo": "nvim-lsp-file-operations",
        "type": "github"
      }
    },
    "osv": {
      "flake": false,
      "locked": {
        "lastModified": 1703330350,
        "narHash": "sha256-VACSEN50FSzQmAjpFW45yXvc68wnRhzfboYvps3sOBE=",
        "owner": "jbyuki",
        "repo": "one-small-step-for-vimkind",
        "rev": "aaee281bdaa3141d9d0cdb3dec468532da61124f",
        "type": "github"
      },
      "original": {
        "owner": "jbyuki",
        "repo": "one-small-step-for-vimkind",
        "type": "github"
      }
    },
    "persistence-nvim": {
      "flake": false,
      "locked": {
        "lastModified": 1705677299,
        "narHash": "sha256-tkDb5METX/Q6bAIHagvn/zRVX/WmdNuvI26q+GDd4TQ=",
        "owner": "folke",
        "repo": "persistence.nvim",
        "rev": "4982499c1636eac254b72923ab826ee7827b3084",
        "type": "github"
      },
      "original": {
        "owner": "folke",
        "repo": "persistence.nvim",
        "type": "github"
      }
    },
    "pretty-fold": {
      "flake": false,
      "locked": {
        "lastModified": 1658330126,
        "narHash": "sha256-PQPZw0qXwMtpVE4uSxR3xUvkHE9iG4T+ZwgV6H9pUjo=",
        "owner": "anuvyklack",
        "repo": "pretty-fold.nvim",
        "rev": "a7d8b424abe0eedf50116c460fbe6dfd5783b1d5",
        "type": "github"
      },
      "original": {
        "owner": "anuvyklack",
        "repo": "pretty-fold.nvim",
        "type": "github"
      }
    },
    "refactoring-nvim": {
      "flake": false,
      "locked": {
        "lastModified": 1706279936,
        "narHash": "sha256-yzjyXWs3GDP+gczqGVNaZxTMQkqu7RwLC/0f81Wncgw=",
        "owner": "ThePrimeagen",
        "repo": "refactoring.nvim",
        "rev": "aff2e21e2f1a19d302adceb4e7d0fafbb3ae59a9",
        "type": "github"
      },
      "original": {
        "owner": "ThePrimeagen",
        "repo": "refactoring.nvim",
        "type": "github"
      }
    },
    "root": {
      "inputs": {
        "fold-preview": "fold-preview",
        "neotest-playwright": "neotest-playwright",
        "neotest-vim-test": "neotest-vim-test",
        "neovim-session-manager": "neovim-session-manager",
        "nixpkgs": "nixpkgs",
        "nvim-dap-vscode-js": "nvim-dap-vscode-js",
        "nvim-lsp-file-operations": "nvim-lsp-file-operations",
        "osv": "osv",
        "persistence-nvim": "persistence-nvim",
        "pretty-fold": "pretty-fold",
        "refactoring-nvim": "refactoring-nvim",
        "vim-interestingwords": "vim-interestingwords",
        "vim-log-highlighting": "vim-log-highlighting"
      }
    },
    "vim-interestingwords": {
      "flake": false,
      "locked": {
        "lastModified": 1603932933,
        "narHash": "sha256-jPuXMPHrTfD9k1CCYVkbVF7anQKdJPPnpACIuBvcx90=",
        "owner": "lfv89",
        "repo": "vim-interestingwords",
        "rev": "e59f97aca15c6180e6f3aceaf4f7b50ca04326ed",
        "type": "github"
      },
      "original": {
        "owner": "lfv89",
        "repo": "vim-interestingwords",
        "type": "github"
      }
    },
    "vim-log-highlighting": {
      "flake": false,
      "locked": {
        "lastModified": 1598771411,
        "narHash": "sha256-DqYSCtndUNIZsd9zpTFBhESXw3graNrjGC3WhcZ9uTA=",
        "owner": "MTDL9",
        "repo": "vim-log-highlighting",
        "rev": "1037e26f3120e6a6a2c0c33b14a84336dee2a78f",
        "type": "github"
      },
      "original": {
        "owner": "MTDL9",
        "repo": "vim-log-highlighting",
        "type": "github"
      }
    }
  },
  "root": "root",
  "version": 7
}
