{
  "nodes": {
    "emmet-ls": {
      "flake": false,
      "locked": {
        "lastModified": 1684926042,
        "narHash": "sha256-vEDvS07TAGvjH4kRvy6rPfEtB9CrpzFAHJTGPVtOMNY=",
        "owner": "aca",
        "repo": "emmet-ls",
        "rev": "1bf1b0ac3c76fca04e5135cb6d7ea4905cb086cf",
        "type": "github"
      },
      "original": {
        "owner": "aca",
        "repo": "emmet-ls",
        "type": "github"
      }
    },
    "flake-utils": {
      "inputs": {
        "systems": "systems"
      },
      "locked": {
        "lastModified": 1689068808,
        "narHash": "sha256-6ixXo3wt24N/melDWjq70UuHQLxGV8jZvooRanIHXw0=",
        "owner": "numtide",
        "repo": "flake-utils",
        "rev": "919d646de7be200f3bf08cb76ae1f09402b6f9b4",
        "type": "github"
      },
      "original": {
        "owner": "numtide",
        "repo": "flake-utils",
        "type": "github"
      }
    },
    "flake-utils_2": {
      "locked": {
        "lastModified": 1656928814,
        "narHash": "sha256-RIFfgBuKz6Hp89yRr7+NR5tzIAbn52h8vT6vXkYjZoM=",
        "owner": "numtide",
        "repo": "flake-utils",
        "rev": "7e2a3b3dfd9af950a856d66b0a7d01e3c18aa249",
        "type": "github"
      },
      "original": {
        "owner": "numtide",
        "repo": "flake-utils",
        "type": "github"
      }
    },
    "fold-preview": {
      "flake": false,
      "locked": {
        "lastModified": 1674838720,
        "narHash": "sha256-FLzZGbbeUk3354Q8vbFonw57f6GbSDisRs43djTjX8I=",
        "owner": "anuvyklack",
        "repo": "fold-preview.nvim",
        "rev": "b7920cb0aba2b48a6b679bff45f98c3ebc0f0b89",
        "type": "github"
      },
      "original": {
        "owner": "anuvyklack",
        "repo": "fold-preview.nvim",
        "type": "github"
      }
    },
    "neodev-nvim": {
      "flake": false,
      "locked": {
        "lastModified": 1691215559,
        "narHash": "sha256-cetcrfftO2/y6ATIQsx0QGoNdXXdMWqyNVMq9PT9HK4=",
        "owner": "folke",
        "repo": "neodev.nvim",
        "rev": "9f0205a08757711f57589a1dffa8abf525f4a23b",
        "type": "github"
      },
      "original": {
        "owner": "folke",
        "repo": "neodev.nvim",
        "type": "github"
      }
    },
    "neotest": {
      "flake": false,
      "locked": {
        "lastModified": 1683004763,
        "narHash": "sha256-ACl2nijgX2PjU7LLLG/bgXBpocpwPmbSG88mmGAifqo=",
        "owner": "aivarask",
        "repo": "neotest",
        "rev": "bd3d57448211a4e967892bf0485cf3c03311ec9c",
        "type": "github"
      },
      "original": {
        "owner": "aivarask",
        "repo": "neotest",
        "type": "github"
      }
    },
    "neotest-playwright": {
      "flake": false,
      "locked": {
        "lastModified": 1690803235,
        "narHash": "sha256-T93nN8XIPYUbjyPoq5vvFoD7ImoJXfC3yzo8PH71mag=",
        "owner": "aivarask",
        "repo": "neotest-playwright",
        "rev": "129d4e8f42753a82a143339128d6f885988a1b56",
        "type": "github"
      },
      "original": {
        "owner": "aivarask",
        "repo": "neotest-playwright",
        "type": "github"
      }
    },
    "neotest-plenary": {
      "flake": false,
      "locked": {
        "lastModified": 1682599088,
        "narHash": "sha256-Im3dUg0C/ytAb3t+lL9OaBxh2jHdOXvuB8EhtqTxqrQ=",
        "owner": "nvim-neotest",
        "repo": "neotest-plenary",
        "rev": "e0d9b1530307a03abcc52fc0ae28f054dea3f752",
        "type": "github"
      },
      "original": {
        "owner": "nvim-neotest",
        "repo": "neotest-plenary",
        "type": "github"
      }
    },
    "neotest-vim-test": {
      "flake": false,
      "locked": {
        "lastModified": 1681720687,
        "narHash": "sha256-fFm5Yt2Sus5jLSapHUtLlDkBWPLLKfWsj2NSXD8NPYo=",
        "owner": "nvim-neotest",
        "repo": "neotest-vim-test",
        "rev": "75c4228882ae4883b11bfce9b8383e637eb44192",
        "type": "github"
      },
      "original": {
        "owner": "nvim-neotest",
        "repo": "neotest-vim-test",
        "type": "github"
      }
    },
    "neotest-vitest": {
      "flake": false,
      "locked": {
        "lastModified": 1687524495,
        "narHash": "sha256-OJP1PrZIrb7l/86mRTd/O/HKZYx+etu6cNIzBCuA5i8=",
        "owner": "marilari88",
        "repo": "neotest-vitest",
        "rev": "41bf2f6b743f2ac5c5e9bd0949cee77ca7f2372c",
        "type": "github"
      },
      "original": {
        "owner": "marilari88",
        "repo": "neotest-vitest",
        "type": "github"
      }
    },
    "neovim-session-manager": {
      "flake": false,
      "locked": {
        "lastModified": 1689976511,
        "narHash": "sha256-04GL+0JdtD2hEOSrRJUh3Wdpoy2igjHt95Nf3WioFU4=",
        "owner": "Shatur",
        "repo": "neovim-session-manager",
        "rev": "4883372b1ef2bdcf4cbdac44c98d68c216914462",
        "type": "github"
      },
      "original": {
        "owner": "Shatur",
        "repo": "neovim-session-manager",
        "type": "github"
      }
    },
    "nixpkgs": {
      "locked": {
        "lastModified": 1691368598,
        "narHash": "sha256-ia7li22keBBbj02tEdqjVeLtc7ZlSBuhUk+7XTUFr14=",
        "path": "/nix/store/631cgbs310h1rcix7zs171xzx7p2y97g-source",
        "rev": "5a8e9243812ba528000995b294292d3b5e120947",
        "type": "path"
      },
      "original": {
        "id": "nixpkgs",
        "type": "indirect"
      }
    },
    "nixpkgs_2": {
      "locked": {
        "lastModified": 1659522808,
        "narHash": "sha256-HBcM19nGhI3IWwPNVlYb0MZ8VW6iKp4JbAVkeIHVykc=",
        "owner": "NixOS",
        "repo": "nixpkgs",
        "rev": "168d1c578909dc143ba52dbed661c36e76b12b36",
        "type": "github"
      },
      "original": {
        "id": "nixpkgs",
        "type": "indirect"
      }
    },
    "nvim-dap-vscode-js": {
      "flake": false,
      "locked": {
        "lastModified": 1678071992,
        "narHash": "sha256-8dlzaI94I8ppzLRNIfjVd92kYgqr07D1akDj4VdKQto=",
        "owner": "mxsdev",
        "repo": "nvim-dap-vscode-js",
        "rev": "03bd29672d7fab5e515fc8469b7d07cc5994bbf6",
        "type": "github"
      },
      "original": {
        "owner": "mxsdev",
        "repo": "nvim-dap-vscode-js",
        "type": "github"
      }
    },
    "nvim-lsp-file-operations": {
      "flake": false,
      "locked": {
        "lastModified": 1690197363,
        "narHash": "sha256-RV7Cygv0QqW34bwKOhQAoQ4kvJ4QLFEH6+deMU8JUjM=",
        "owner": "antosha417",
        "repo": "nvim-lsp-file-operations",
        "rev": "2abe934ab00a18932f55edfd881555934622fe36",
        "type": "github"
      },
      "original": {
        "owner": "antosha417",
        "repo": "nvim-lsp-file-operations",
        "type": "github"
      }
    },
    "nvim-lspconfig": {
      "inputs": {
        "flake-utils": "flake-utils_2",
        "nixpkgs": "nixpkgs_2"
      },
      "locked": {
        "lastModified": 1691510975,
        "narHash": "sha256-w+QRcahS1SQtA8ORV2gI20cpHGUBD2N4BkoQsg6IiGo=",
        "owner": "neovim",
        "repo": "nvim-lspconfig",
        "rev": "4b1a764c10c6c8679615fcb4f1e8b0f5513d900b",
        "type": "github"
      },
      "original": {
        "owner": "neovim",
        "repo": "nvim-lspconfig",
        "type": "github"
      }
    },
    "nvim-tree-lua": {
      "flake": false,
      "locked": {
        "lastModified": 1691292370,
        "narHash": "sha256-YQRirmp8QerxwF9qdrSrUKJZiVrBb6ZWpUTfM8H7fl4=",
        "owner": "nvim-tree",
        "repo": "nvim-tree.lua",
        "rev": "904f95cd9db31d1800998fa428e78e418a50181d",
        "type": "github"
      },
      "original": {
        "owner": "nvim-tree",
        "repo": "nvim-tree.lua",
        "type": "github"
      }
    },
    "osv": {
      "flake": false,
      "locked": {
        "lastModified": 1688817140,
        "narHash": "sha256-FY8poLO4MEG41GVrzCuCsWQdmtjlQhwpP8xoCA/9nGk=",
        "owner": "jbyuki",
        "repo": "one-small-step-for-vimkind",
        "rev": "5cacc816153c66a50de92c9cee29077b4a380254",
        "type": "github"
      },
      "original": {
        "owner": "jbyuki",
        "repo": "one-small-step-for-vimkind",
        "type": "github"
      }
    },
    "persistence-nvim": {
      "flake": false,
      "locked": {
        "lastModified": 1684766347,
        "narHash": "sha256-Zp9Sms044LD4UF6VZ+Fk5Fjr2D8tyyUxNVaGvTPY+ts=",
        "owner": "folke",
        "repo": "persistence.nvim",
        "rev": "4b8051c01f696d8849a5cb8afa9767be8db16e40",
        "type": "github"
      },
      "original": {
        "owner": "folke",
        "repo": "persistence.nvim",
        "type": "github"
      }
    },
    "pretty-fold": {
      "flake": false,
      "locked": {
        "lastModified": 1658330126,
        "narHash": "sha256-PQPZw0qXwMtpVE4uSxR3xUvkHE9iG4T+ZwgV6H9pUjo=",
        "owner": "anuvyklack",
        "repo": "pretty-fold.nvim",
        "rev": "a7d8b424abe0eedf50116c460fbe6dfd5783b1d5",
        "type": "github"
      },
      "original": {
        "owner": "anuvyklack",
        "repo": "pretty-fold.nvim",
        "type": "github"
      }
    },
    "refactoring-nvim": {
      "flake": false,
      "locked": {
        "lastModified": 1690391994,
        "narHash": "sha256-Swav7XGdsNmycikTePC4FTSbhtg47AU51SEPO0xzU8s=",
        "owner": "ThePrimeagen",
        "repo": "refactoring.nvim",
        "rev": "5359e74291164fcaeaaecdea9ba753ad54eb53d0",
        "type": "github"
      },
      "original": {
        "owner": "ThePrimeagen",
        "repo": "refactoring.nvim",
        "type": "github"
      }
    },
    "root": {
      "inputs": {
        "emmet-ls": "emmet-ls",
        "flake-utils": "flake-utils",
        "fold-preview": "fold-preview",
        "neodev-nvim": "neodev-nvim",
        "neotest": "neotest",
        "neotest-playwright": "neotest-playwright",
        "neotest-plenary": "neotest-plenary",
        "neotest-vim-test": "neotest-vim-test",
        "neotest-vitest": "neotest-vitest",
        "neovim-session-manager": "neovim-session-manager",
        "nixpkgs": "nixpkgs",
        "nvim-dap-vscode-js": "nvim-dap-vscode-js",
        "nvim-lsp-file-operations": "nvim-lsp-file-operations",
        "nvim-lspconfig": "nvim-lspconfig",
        "nvim-tree-lua": "nvim-tree-lua",
        "osv": "osv",
        "persistence-nvim": "persistence-nvim",
        "pretty-fold": "pretty-fold",
        "refactoring-nvim": "refactoring-nvim",
        "typescript-nvim": "typescript-nvim",
        "vim-interestingwords": "vim-interestingwords",
        "which-key-nvim": "which-key-nvim"
      }
    },
    "systems": {
      "locked": {
        "lastModified": 1681028828,
        "narHash": "sha256-Vy1rq5AaRuLzOxct8nz4T6wlgyUR7zLU309k9mBC768=",
        "owner": "nix-systems",
        "repo": "default",
        "rev": "da67096a3b9bf56a91d16901293e51ba5b49a27e",
        "type": "github"
      },
      "original": {
        "owner": "nix-systems",
        "repo": "default",
        "type": "github"
      }
    },
    "typescript-nvim": {
      "flake": false,
      "locked": {
        "lastModified": 1687992104,
        "narHash": "sha256-zwD+AgG5LXPu2C3SEKgEECjpis4XGuiGoX54c6RLcVA=",
        "owner": "jose-elias-alvarez",
        "repo": "typescript.nvim",
        "rev": "de304087e6e49981fde01af8ccc5b21e8519306f",
        "type": "github"
      },
      "original": {
        "owner": "jose-elias-alvarez",
        "repo": "typescript.nvim",
        "type": "github"
      }
    },
    "vim-interestingwords": {
      "flake": false,
      "locked": {
        "lastModified": 1603932933,
        "narHash": "sha256-jPuXMPHrTfD9k1CCYVkbVF7anQKdJPPnpACIuBvcx90=",
        "owner": "lfv89",
        "repo": "vim-interestingwords",
        "rev": "e59f97aca15c6180e6f3aceaf4f7b50ca04326ed",
        "type": "github"
      },
      "original": {
        "owner": "lfv89",
        "repo": "vim-interestingwords",
        "type": "github"
      }
    },
    "which-key-nvim": {
      "flake": false,
      "locked": {
        "lastModified": 1690570286,
        "narHash": "sha256-B1+EHd2eH/EbD5Kip9PfhdPyyGfIkD6rsx0Z3rXvb5w=",
        "owner": "folke",
        "repo": "which-key.nvim",
        "rev": "7ccf476ebe0445a741b64e36c78a682c1c6118b7",
        "type": "github"
      },
      "original": {
        "owner": "folke",
        "repo": "which-key.nvim",
        "type": "github"
      }
    }
  },
  "root": "root",
  "version": 7
}
