{
  "nodes": {
    "emmet-ls": {
      "flake": false,
      "locked": {
        "lastModified": 1684926042,
        "narHash": "sha256-vEDvS07TAGvjH4kRvy6rPfEtB9CrpzFAHJTGPVtOMNY=",
        "owner": "aca",
        "repo": "emmet-ls",
        "rev": "1bf1b0ac3c76fca04e5135cb6d7ea4905cb086cf",
        "type": "github"
      },
      "original": {
        "owner": "aca",
        "repo": "emmet-ls",
        "type": "github"
      }
    },
    "flake-utils": {
      "inputs": {
        "systems": "systems"
      },
      "locked": {
        "lastModified": 1701680307,
        "narHash": "sha256-kAuep2h5ajznlPMD9rnQyffWG8EM/C73lejGofXvdM8=",
        "owner": "numtide",
        "repo": "flake-utils",
        "rev": "4022d587cbbfd70fe950c1e2083a02621806a725",
        "type": "github"
      },
      "original": {
        "owner": "numtide",
        "repo": "flake-utils",
        "type": "github"
      }
    },
    "flake-utils_2": {
      "inputs": {
        "systems": "systems_2"
      },
      "locked": {
        "lastModified": 1694529238,
        "narHash": "sha256-zsNZZGTGnMOf9YpHKJqMSsa0dXbfmxeoJ7xHlrt+xmY=",
        "owner": "numtide",
        "repo": "flake-utils",
        "rev": "ff7b65b44d01cf9ba6a71320833626af21126384",
        "type": "github"
      },
      "original": {
        "owner": "numtide",
        "repo": "flake-utils",
        "type": "github"
      }
    },
    "fold-preview": {
      "flake": false,
      "locked": {
        "lastModified": 1674838720,
        "narHash": "sha256-FLzZGbbeUk3354Q8vbFonw57f6GbSDisRs43djTjX8I=",
        "owner": "anuvyklack",
        "repo": "fold-preview.nvim",
        "rev": "b7920cb0aba2b48a6b679bff45f98c3ebc0f0b89",
        "type": "github"
      },
      "original": {
        "owner": "anuvyklack",
        "repo": "fold-preview.nvim",
        "type": "github"
      }
    },
    "neodev-nvim": {
      "flake": false,
      "locked": {
        "lastModified": 1701929150,
        "narHash": "sha256-lAeqFZjkafySZmN3vBa6H1XSEUc28UTQ72ilCkghH6M=",
        "owner": "folke",
        "repo": "neodev.nvim",
        "rev": "c4ce017bd4bacf60bf59330cec9e93c5d5e104a6",
        "type": "github"
      },
      "original": {
        "owner": "folke",
        "repo": "neodev.nvim",
        "type": "github"
      }
    },
    "neotest": {
      "flake": false,
      "locked": {
        "lastModified": 1683004763,
        "narHash": "sha256-ACl2nijgX2PjU7LLLG/bgXBpocpwPmbSG88mmGAifqo=",
        "owner": "aivarask",
        "repo": "neotest",
        "rev": "bd3d57448211a4e967892bf0485cf3c03311ec9c",
        "type": "github"
      },
      "original": {
        "owner": "aivarask",
        "repo": "neotest",
        "type": "github"
      }
    },
    "neotest-playwright": {
      "flake": false,
      "locked": {
        "lastModified": 1690803235,
        "narHash": "sha256-T93nN8XIPYUbjyPoq5vvFoD7ImoJXfC3yzo8PH71mag=",
        "owner": "aivarask",
        "repo": "neotest-playwright",
        "rev": "129d4e8f42753a82a143339128d6f885988a1b56",
        "type": "github"
      },
      "original": {
        "owner": "aivarask",
        "repo": "neotest-playwright",
        "type": "github"
      }
    },
    "neotest-plenary": {
      "flake": false,
      "locked": {
        "lastModified": 1695977583,
        "narHash": "sha256-gwIM0ogYeAFV7mGcuocKdfZiEcFeExHVvYFBu4YdrwU=",
        "owner": "nvim-neotest",
        "repo": "neotest-plenary",
        "rev": "dcaf5ed67a9e28a246e9783319e5aa6c9ea1c584",
        "type": "github"
      },
      "original": {
        "owner": "nvim-neotest",
        "repo": "neotest-plenary",
        "type": "github"
      }
    },
    "neotest-vim-test": {
      "flake": false,
      "locked": {
        "lastModified": 1681720687,
        "narHash": "sha256-fFm5Yt2Sus5jLSapHUtLlDkBWPLLKfWsj2NSXD8NPYo=",
        "owner": "nvim-neotest",
        "repo": "neotest-vim-test",
        "rev": "75c4228882ae4883b11bfce9b8383e637eb44192",
        "type": "github"
      },
      "original": {
        "owner": "nvim-neotest",
        "repo": "neotest-vim-test",
        "type": "github"
      }
    },
    "neotest-vitest": {
      "flake": false,
      "locked": {
        "lastModified": 1701546258,
        "narHash": "sha256-yutl/6hZMllRxnlcVOYzQtOFio1ZCwBCKiR/6sQy3VA=",
        "owner": "marilari88",
        "repo": "neotest-vitest",
        "rev": "15972c4791b3d47df82311047835803a072c1da6",
        "type": "github"
      },
      "original": {
        "owner": "marilari88",
        "repo": "neotest-vitest",
        "type": "github"
      }
    },
    "neovim-session-manager": {
      "flake": false,
      "locked": {
        "lastModified": 1696875507,
        "narHash": "sha256-WOJQ6RIibOby+Pmzr6kQxcT2NCGrq1roWkh4QKJECks=",
        "owner": "Shatur",
        "repo": "neovim-session-manager",
        "rev": "68dde355a4304d83b40cf073f53915604bdd8e70",
        "type": "github"
      },
      "original": {
        "owner": "Shatur",
        "repo": "neovim-session-manager",
        "type": "github"
      }
    },
    "nixpkgs": {
      "locked": {
        "lastModified": 1701436327,
        "narHash": "sha256-tRHbnoNI8SIM5O5xuxOmtSLnswEByzmnQcGGyNRjxsE=",
        "path": "/nix/store/7adgvk5zdfq4pwrhsm3n9lzypb12gw0g-source",
        "rev": "91050ea1e57e50388fa87a3302ba12d188ef723a",
        "type": "path"
      },
      "original": {
        "id": "nixpkgs",
        "type": "indirect"
      }
    },
    "nixpkgs_2": {
      "locked": {
        "lastModified": 1699906975,
        "narHash": "sha256-tvLhyy1iQj3vdW8tYt2uPNoTWt6FB87tG2HaaErk6tk=",
        "owner": "NixOS",
        "repo": "nixpkgs",
        "rev": "5c6e85ee472d37c904dd43f8f76b680602b9128f",
        "type": "github"
      },
      "original": {
        "owner": "NixOS",
        "repo": "nixpkgs",
        "type": "github"
      }
    },
    "nvim-dap-vscode-js": {
      "flake": false,
      "locked": {
        "lastModified": 1678071992,
        "narHash": "sha256-8dlzaI94I8ppzLRNIfjVd92kYgqr07D1akDj4VdKQto=",
        "owner": "mxsdev",
        "repo": "nvim-dap-vscode-js",
        "rev": "03bd29672d7fab5e515fc8469b7d07cc5994bbf6",
        "type": "github"
      },
      "original": {
        "owner": "mxsdev",
        "repo": "nvim-dap-vscode-js",
        "type": "github"
      }
    },
    "nvim-lsp-file-operations": {
      "flake": false,
      "locked": {
        "lastModified": 1701953792,
        "narHash": "sha256-Via541iiJw+/3MQcgBwXF+7qx4thtqHhQ/i8SVxwCm8=",
        "owner": "antosha417",
        "repo": "nvim-lsp-file-operations",
        "rev": "8e7223e138590c1bd9d86d3de810e65939d8b12f",
        "type": "github"
      },
      "original": {
        "owner": "antosha417",
        "repo": "nvim-lsp-file-operations",
        "type": "github"
      }
    },
    "nvim-lspconfig": {
      "inputs": {
        "flake-utils": "flake-utils_2",
        "nixpkgs": "nixpkgs_2"
      },
      "locked": {
        "lastModified": 1702007833,
        "narHash": "sha256-4Ogx+58962qoph8iMyHBGEqoRARK5KQAYEaa1wsgdsw=",
        "owner": "neovim",
        "repo": "nvim-lspconfig",
        "rev": "511609ae0311abfcfaed3c398429a147e895ce2c",
        "type": "github"
      },
      "original": {
        "owner": "neovim",
        "repo": "nvim-lspconfig",
        "type": "github"
      }
    },
    "nvim-tree-lua": {
      "flake": false,
      "locked": {
        "lastModified": 1701733180,
        "narHash": "sha256-QjjBKPMOjTlzM3OckfTrGtodw21ywBjUpcb08eAY03c=",
        "owner": "nvim-tree",
        "repo": "nvim-tree.lua",
        "rev": "7d1760f892951dd6a118dae1d7a1d8df5f029edf",
        "type": "github"
      },
      "original": {
        "owner": "nvim-tree",
        "repo": "nvim-tree.lua",
        "type": "github"
      }
    },
    "osv": {
      "flake": false,
      "locked": {
        "lastModified": 1699539684,
        "narHash": "sha256-cMLffhfncH/3Qfb0RsMLumZOrDTmARUV2W+1xyDPzQE=",
        "owner": "jbyuki",
        "repo": "one-small-step-for-vimkind",
        "rev": "94b06d81209627d0098c4c5a14714e42a792bf0b",
        "type": "github"
      },
      "original": {
        "owner": "jbyuki",
        "repo": "one-small-step-for-vimkind",
        "type": "github"
      }
    },
    "persistence-nvim": {
      "flake": false,
      "locked": {
        "lastModified": 1697398923,
        "narHash": "sha256-wIsWL9JOxp+6VW0L9TolaPcUcMDSjtt271Df00VfJyA=",
        "owner": "folke",
        "repo": "persistence.nvim",
        "rev": "ad538bfd5336f1335cdb6fd4e0b0eebfa6e12f32",
        "type": "github"
      },
      "original": {
        "owner": "folke",
        "repo": "persistence.nvim",
        "type": "github"
      }
    },
    "pretty-fold": {
      "flake": false,
      "locked": {
        "lastModified": 1658330126,
        "narHash": "sha256-PQPZw0qXwMtpVE4uSxR3xUvkHE9iG4T+ZwgV6H9pUjo=",
        "owner": "anuvyklack",
        "repo": "pretty-fold.nvim",
        "rev": "a7d8b424abe0eedf50116c460fbe6dfd5783b1d5",
        "type": "github"
      },
      "original": {
        "owner": "anuvyklack",
        "repo": "pretty-fold.nvim",
        "type": "github"
      }
    },
    "refactoring-nvim": {
      "flake": false,
      "locked": {
        "lastModified": 1699460078,
        "narHash": "sha256-yPl7xGnai5WXZiJU8F6OIOGppRABlonQOV9Lsb7zrw8=",
        "owner": "ThePrimeagen",
        "repo": "refactoring.nvim",
        "rev": "156532476deb10b1b2a32cb38e1078b3f9951c42",
        "type": "github"
      },
      "original": {
        "owner": "ThePrimeagen",
        "repo": "refactoring.nvim",
        "type": "github"
      }
    },
    "root": {
      "inputs": {
        "emmet-ls": "emmet-ls",
        "flake-utils": "flake-utils",
        "fold-preview": "fold-preview",
        "neodev-nvim": "neodev-nvim",
        "neotest": "neotest",
        "neotest-playwright": "neotest-playwright",
        "neotest-plenary": "neotest-plenary",
        "neotest-vim-test": "neotest-vim-test",
        "neotest-vitest": "neotest-vitest",
        "neovim-session-manager": "neovim-session-manager",
        "nixpkgs": "nixpkgs",
        "nvim-dap-vscode-js": "nvim-dap-vscode-js",
        "nvim-lsp-file-operations": "nvim-lsp-file-operations",
        "nvim-lspconfig": "nvim-lspconfig",
        "nvim-tree-lua": "nvim-tree-lua",
        "osv": "osv",
        "persistence-nvim": "persistence-nvim",
        "pretty-fold": "pretty-fold",
        "refactoring-nvim": "refactoring-nvim",
        "typescript-nvim": "typescript-nvim",
        "typescript-tools-nvim": "typescript-tools-nvim",
        "vim-interestingwords": "vim-interestingwords",
        "which-key-nvim": "which-key-nvim"
      }
    },
    "systems": {
      "locked": {
        "lastModified": 1681028828,
        "narHash": "sha256-Vy1rq5AaRuLzOxct8nz4T6wlgyUR7zLU309k9mBC768=",
        "owner": "nix-systems",
        "repo": "default",
        "rev": "da67096a3b9bf56a91d16901293e51ba5b49a27e",
        "type": "github"
      },
      "original": {
        "owner": "nix-systems",
        "repo": "default",
        "type": "github"
      }
    },
    "systems_2": {
      "locked": {
        "lastModified": 1681028828,
        "narHash": "sha256-Vy1rq5AaRuLzOxct8nz4T6wlgyUR7zLU309k9mBC768=",
        "owner": "nix-systems",
        "repo": "default",
        "rev": "da67096a3b9bf56a91d16901293e51ba5b49a27e",
        "type": "github"
      },
      "original": {
        "owner": "nix-systems",
        "repo": "default",
        "type": "github"
      }
    },
    "typescript-nvim": {
      "flake": false,
      "locked": {
        "lastModified": 1691810579,
        "narHash": "sha256-tStomym4qd7IXj/ohYAc3akImNsOJdC7nQL+CkdMomc=",
        "owner": "jose-elias-alvarez",
        "repo": "typescript.nvim",
        "rev": "4de85ef699d7e6010528dcfbddc2ed4c2c421467",
        "type": "github"
      },
      "original": {
        "owner": "jose-elias-alvarez",
        "repo": "typescript.nvim",
        "type": "github"
      }
    },
    "typescript-tools-nvim": {
      "flake": false,
      "locked": {
        "lastModified": 1701865443,
        "narHash": "sha256-3ODHLllxSwU38IdC/dNJQ29pSIAIsRMLAUZ9OZbCuYU=",
        "owner": "pmizio",
        "repo": "typescript-tools.nvim",
        "rev": "cbc454075741cd942a5ba92d64613533782f37c7",
        "type": "github"
      },
      "original": {
        "owner": "pmizio",
        "repo": "typescript-tools.nvim",
        "type": "github"
      }
    },
    "vim-interestingwords": {
      "flake": false,
      "locked": {
        "lastModified": 1603932933,
        "narHash": "sha256-jPuXMPHrTfD9k1CCYVkbVF7anQKdJPPnpACIuBvcx90=",
        "owner": "lfv89",
        "repo": "vim-interestingwords",
        "rev": "e59f97aca15c6180e6f3aceaf4f7b50ca04326ed",
        "type": "github"
      },
      "original": {
        "owner": "lfv89",
        "repo": "vim-interestingwords",
        "type": "github"
      }
    },
    "which-key-nvim": {
      "flake": false,
      "locked": {
        "lastModified": 1697801635,
        "narHash": "sha256-uvghPj/teWrRMm09Gh8iQ/LV2nYJw0lmoiZK6L4+1cY=",
        "owner": "folke",
        "repo": "which-key.nvim",
        "rev": "4433e5ec9a507e5097571ed55c02ea9658fb268a",
        "type": "github"
      },
      "original": {
        "owner": "folke",
        "repo": "which-key.nvim",
        "type": "github"
      }
    }
  },
  "root": "root",
  "version": 7
}
